
Microsoft Visual Studio Solution File, Format Version 12.00
# Visual Studio 15
VisualStudioVersion = 15.0.28010.2026
MinimumVisualStudioVersion = 10.0.40219.1
Project("{9A19103F-16F7-4668-BE54-9A1E7A4F7556}") = "Test", "ConsoleTest\Test.csproj", "{C85FF092-1D7E-4DD5-A017-F7EAFBE9D25F}"
EndProject
Project("{9A19103F-16F7-4668-BE54-9A1E7A4F7556}") = "Apps.HtmlAgilityPackSpider", "Apps.HtmlAgilityPackSpider\Apps.HtmlAgilityPackSpider.csproj", "{36B733CD-3DB6-47BF-B17A-37B8E862A21A}"
EndProject
Global
	GlobalSection(SolutionConfigurationPlatforms) = preSolution
		Debug|Any CPU = Debug|Any CPU
		Release|Any CPU = Release|Any CPU
	EndGlobalSection
	GlobalSection(ProjectConfigurationPlatforms) = postSolution
		{C85FF092-1D7E-4DD5-A017-F7EAFBE9D25F}.Debug|Any CPU.ActiveCfg = Debug|Any CPU
		{C85FF092-1D7E-4DD5-A017-F7EAFBE9D25F}.Debug|Any CPU.Build.0 = Debug|Any CPU
		{C85FF092-1D7E-4DD5-A017-F7EAFBE9D25F}.Release|Any CPU.ActiveCfg = Release|Any CPU
		{C85FF092-1D7E-4DD5-A017-F7EAFBE9D25F}.Release|Any CPU.Build.0 = Release|Any CPU
		{36B733CD-3DB6-47BF-B17A-37B8E862A21A}.Debug|Any CPU.ActiveCfg = Debug|Any CPU
		{36B733CD-3DB6-47BF-B17A-37B8E862A21A}.Debug|Any CPU.Build.0 = Debug|Any CPU
		{36B733CD-3DB6-47BF-B17A-37B8E862A21A}.Release|Any CPU.ActiveCfg = Release|Any CPU
		{36B733CD-3DB6-47BF-B17A-37B8E862A21A}.Release|Any CPU.Build.0 = Release|Any CPU
	EndGlobalSection
	GlobalSection(SolutionProperties) = preSolution
		HideSolutionNode = FALSE
	EndGlobalSection
	GlobalSection(ExtensibilityGlobals) = postSolution
		VisualSVNWorkingCopyRoot = .
		SolutionGuid = {6A8C213C-8DAF-44E7-8DEA-70A27DF82F9E}
	EndGlobalSection
EndGlobal
